# This file was autogenerated by Stack.
# You should not edit this file by hand.
# For more information, please see the documentation at:
#   https://docs.haskellstack.org/en/stable/lock_files

packages:
- completed:
    hackage: fused-effects-exceptions-1.0.0.0@sha256:ee32e6e6a40ce2272603b93036e05945d79f68200b1f09624db39262724b0f98,1731
    pantry-tree:
      size: 520
      sha256: de5cf7211020a5cb543faed316b760c8b9be7412d716b483f2ce8e152e63d278
  original:
    hackage: fused-effects-exceptions-1.0.0.0@sha256:ee32e6e6a40ce2272603b93036e05945d79f68200b1f09624db39262724b0f98,1731
- completed:
    cabal-file:
      size: 6964
      sha256: 97d254bd64b25ed993701be8b07afcf5b09cbb051b77d5c3ae0a4e6154753421
    name: ghcide
    version: 0.0.6
    git: git@github.com:digital-asset/ghcide.git
    pantry-tree:
      size: 5210
      sha256: 71efc98a17c8d6fdd5c6cb0d53ab96d71d692cdf18f388071f3b042391150e1b
    commit: 913aa5f9fa3508dcbe423aea3e0d0effe1b57d1b
  original:
    git: git@github.com:digital-asset/ghcide.git
    commit: 913aa5f9fa3508dcbe423aea3e0d0effe1b57d1b
- completed:
    hackage: fuzzy-0.1.0.0@sha256:123b9581c587ae5422b67bbad7e81186b1ecbf86941a8049f921ddf136f2234e,833
    pantry-tree:
      size: 261
      sha256: 97019c97e95f2a91089acec705243e1fa5b8529ae112658757e0ab3574905f3c
  original:
    hackage: fuzzy-0.1.0.0@sha256:123b9581c587ae5422b67bbad7e81186b1ecbf86941a8049f921ddf136f2234e,833
snapshots:
- completed:
    size: 471529
    url: https://raw.githubusercontent.com/commercialhaskell/stackage-snapshots/master/nightly/2020/1/29.yaml
    sha256: d8ad0f3d7ac1a0aee3b718c7b3bea5a676f1e9297878005bd74c0f28165f4cae
  original: nightly-2020-01-29
